<?xml version="1.0" encoding="utf-8"?>
<Project ToolsVersion="4.0" xmlns="http://schemas.microsoft.com/developer/msbuild/2003">
  <ItemGroup>
    <Filter Include="Scripts">
      <UniqueIdentifier>{59ba8b8b-60c9-4b8c-9973-41f28390a8cd}</UniqueIdentifier>
    </Filter>
    <Filter Include="Socket">
      <UniqueIdentifier>{45a47469-0148-4c4a-9818-d6faa672bdd5}</UniqueIdentifier>
    </Filter>
  </ItemGroup>
  <ItemGroup>
    <ClInclude Include="Factory_Client.h" />
    <ClInclude Include="Scripts_all.h">
      <Filter>Scripts</Filter>
    </ClInclude>
    <ClInclude Include="Scripts_c.h">
      <Filter>Scripts</Filter>
    </ClInclude>
    <ClInclude Include="Shell.h">
      <Filter>Scripts</Filter>
    </ClInclude>
    <ClInclude Include="Socket_.h">
      <Filter>Socket</Filter>
    </ClInclude>
    <ClInclude Include="Client.h">
      <Filter>Socket</Filter>
    </ClInclude>
  </ItemGroup>
  <ItemGroup>
    <ClCompile Include="Scripts_all.cpp">
      <Filter>Scripts</Filter>
    </ClCompile>
    <ClCompile Include="Scripts_c.cpp">
      <Filter>Scripts</Filter>
    </ClCompile>
    <ClCompile Include="Shell.cpp">
      <Filter>Scripts</Filter>
    </ClCompile>
    <ClCompile Include="Factory_Client.cpp" />
    <ClCompile Include="LPC.cpp" />
    <ClCompile Include="Socket_.cpp">
      <Filter>Socket</Filter>
    </ClCompile>
    <ClCompile Include="Client.cpp">
      <Filter>Socket</Filter>
    </ClCompile>
  </ItemGroup>
</Project>